{
  "originHash" : "08a2bbfc3bc2320ba881c15e097238517e3f7fea3ced7dbbaa50558e6528adfc",
  "pins" : [
    {
      "identity" : "swift-tagged",
      "kind" : "remoteSourceControl",
      "location" : "https://github.com/pointfreeco/swift-tagged",
      "state" : {
        "revision" : "3907a9438f5b57d317001dc99f3f11b46882272b",
        "version" : "0.10.0"
      }
    }
  ],
  "version" : 3
}
