// !$*UTF8*$!
{
	archiveVersion = 1;
	classes = {
	};
	objectVersion = 77;
	objects = {

/* Begin PBXBuildFile section */
		4E96473B2CC94C4600C6995B /* Tagged in Frameworks */ = {isa = PBXBuildFile; productRef = 4E96473A2CC94C4600C6995B /* Tagged */; };
		4E96473D2CC94C4600C6995B /* TaggedMoney in Frameworks */ = {isa = PBXBuildFile; productRef = 4E96473C2CC94C4600C6995B /* TaggedMoney */; };
		4E96473F2CC94C4600C6995B /* TaggedTime in Frameworks */ = {isa = PBXBuildFile; productRef = 4E96473E2CC94C4600C6995B /* TaggedTime */; };
		4E9647432CCA5C4000C6995B /* AppKitNavigation in Frameworks */ = {isa = PBXBuildFile; productRef = 4E9647422CCA5C4000C6995B /* AppKitNavigation */; };
		4E9647452CCA5C4000C6995B /* SwiftNavigation in Frameworks */ = {isa = PBXBuildFile; productRef = 4E9647442CCA5C4000C6995B /* SwiftNavigation */; };
		4E9647472CCA5C4000C6995B /* SwiftUINavigation in Frameworks */ = {isa = PBXBuildFile; productRef = 4E9647462CCA5C4000C6995B /* SwiftUINavigation */; };
		4E9647492CCA5C4000C6995B /* UIKitNavigation in Frameworks */ = {isa = PBXBuildFile; productRef = 4E9647482CCA5C4000C6995B /* UIKitNavigation */; };
/* End PBXBuildFile section */

/* Begin PBXFileReference section */
		4E9647222CC9474700C6995B /* Syncups.app */ = {isa = PBXFileReference; explicitFileType = wrapper.application; includeInIndex = 0; path = Syncups.app; sourceTree = BUILT_PRODUCTS_DIR; };
/* End PBXFileReference section */

/* Begin PBXFileSystemSynchronizedRootGroup section */
		4E9647242CC9474700C6995B /* Syncups */ = {
			isa = PBXFileSystemSynchronizedRootGroup;
			path = Syncups;
			sourceTree = "<group>";
		};
/* End PBXFileSystemSynchronizedRootGroup section */

/* Begin PBXFrameworksBuildPhase section */
		4E96471F2CC9474700C6995B /* Frameworks */ = {
			isa = PBXFrameworksBuildPhase;
			buildActionMask = 2147483647;
			files = (
				4E9647492CCA5C4000C6995B /* UIKitNavigation in Frameworks */,
				4E96473B2CC94C4600C6995B /* Tagged in Frameworks */,
				4E9647432CCA5C4000C6995B /* AppKitNavigation in Frameworks */,
				4E9647472CCA5C4000C6995B /* SwiftUINavigation in Frameworks */,
				4E9647452CCA5C4000C6995B /* SwiftNavigation in Frameworks */,
				4E96473D2CC94C4600C6995B /* TaggedMoney in Frameworks */,
				4E96473F2CC94C4600C6995B /* TaggedTime in Frameworks */,
			);
			runOnlyForDeploymentPostprocessing = 0;
		};
/* End PBXFrameworksBuildPhase section */

/* Begin PBXGroup section */
		4E9647192CC9474700C6995B = {
			isa = PBXGroup;
			children = (
				4E9647242CC9474700C6995B /* Syncups */,
				4E9647412CCA5C4000C6995B /* Frameworks */,
				4E9647232CC9474700C6995B /* Products */,
			);
			sourceTree = "<group>";
		};
		4E9647232CC9474700C6995B /* Products */ = {
			isa = PBXGroup;
			children = (
				4E9647222CC9474700C6995B /* Syncups.app */,
			);
			name = Products;
			sourceTree = "<group>";
		};
		4E9647412CCA5C4000C6995B /* Frameworks */ = {
			isa = PBXGroup;
			children = (
			);
			name = Frameworks;
			sourceTree = "<group>";
		};
/* End PBXGroup section */

/* Begin PBXNativeTarget section */
		4E9647212CC9474700C6995B /* Syncups */ = {
			isa = PBXNativeTarget;
			buildConfigurationList = 4E9647302CC9474900C6995B /* Build configuration list for PBXNativeTarget "Syncups" */;
			buildPhases = (
				4E96471E2CC9474700C6995B /* Sources */,
				4E96471F2CC9474700C6995B /* Frameworks */,
				4E9647202CC9474700C6995B /* Resources */,
			);
			buildRules = (
			);
			dependencies = (
			);
			fileSystemSynchronizedGroups = (
				4E9647242CC9474700C6995B /* Syncups */,
			);
			name = Syncups;
			packageProductDependencies = (
				4E96473A2CC94C4600C6995B /* Tagged */,
				4E96473C2CC94C4600C6995B /* TaggedMoney */,
				4E96473E2CC94C4600C6995B /* TaggedTime */,
				4E9647422CCA5C4000C6995B /* AppKitNavigation */,
				4E9647442CCA5C4000C6995B /* SwiftNavigation */,
				4E9647462CCA5C4000C6995B /* SwiftUINavigation */,
				4E9647482CCA5C4000C6995B /* UIKitNavigation */,
			);
			productName = Syncups;
			productReference = 4E9647222CC9474700C6995B /* Syncups.app */;
			productType = "com.apple.product-type.application";
		};
/* End PBXNativeTarget section */

/* Begin PBXProject section */
		4E96471A2CC9474700C6995B /* Project object */ = {
			isa = PBXProject;
			attributes = {
				BuildIndependentTargetsInParallel = 1;
				LastSwiftUpdateCheck = 1600;
				LastUpgradeCheck = 1600;
				TargetAttributes = {
					4E9647212CC9474700C6995B = {
						CreatedOnToolsVersion = 16.0;
					};
				};
			};
			buildConfigurationList = 4E96471D2CC9474700C6995B /* Build configuration list for PBXProject "Syncups" */;
			developmentRegion = en;
			hasScannedForEncodings = 0;
			knownRegions = (
				en,
				Base,
			);
			mainGroup = 4E9647192CC9474700C6995B;
			minimizedProjectReferenceProxies = 1;
			packageReferences = (
				4E9647392CC94C4600C6995B /* XCRemoteSwiftPackageReference "swift-tagged" */,
				4E9647402CCA5C2A00C6995B /* XCRemoteSwiftPackageReference "swift-navigation" */,
			);
			preferredProjectObjectVersion = 77;
			productRefGroup = 4E9647232CC9474700C6995B /* Products */;
			projectDirPath = "";
			projectRoot = "";
			targets = (
				4E9647212CC9474700C6995B /* Syncups */,
			);
		};
/* End PBXProject section */

/* Begin PBXResourcesBuildPhase section */
		4E9647202CC9474700C6995B /* Resources */ = {
			isa = PBXResourcesBuildPhase;
			buildActionMask = 2147483647;
			files = (
			);
			runOnlyForDeploymentPostprocessing = 0;
		};
/* End PBXResourcesBuildPhase section */

/* Begin PBXSourcesBuildPhase section */
		4E96471E2CC9474700C6995B /* Sources */ = {
			isa = PBXSourcesBuildPhase;
			buildActionMask = 2147483647;
			files = (
			);
			runOnlyForDeploymentPostprocessing = 0;
		};
/* End PBXSourcesBuildPhase section */

/* Begin XCBuildConfiguration section */
		4E96472E2CC9474900C6995B /* Debug */ = {
			isa = XCBuildConfiguration;
			buildSettings = {
				ALWAYS_SEARCH_USER_PATHS = NO;
				ASSETCATALOG_COMPILER_GENERATE_SWIFT_ASSET_SYMBOL_EXTENSIONS = YES;
				CLANG_ANALYZER_NONNULL = YES;
				CLANG_ANALYZER_NUMBER_OBJECT_CONVERSION = YES_AGGRESSIVE;
				CLANG_CXX_LANGUAGE_STANDARD = "gnu++20";
				CLANG_ENABLE_MODULES = YES;
				CLANG_ENABLE_OBJC_ARC = YES;
				CLANG_ENABLE_OBJC_WEAK = YES;
				CLANG_WARN_BLOCK_CAPTURE_AUTORELEASING = YES;
				CLANG_WARN_BOOL_CONVERSION = YES;
				CLANG_WARN_COMMA = YES;
				CLANG_WARN_CONSTANT_CONVERSION = YES;
				CLANG_WARN_DEPRECATED_OBJC_IMPLEMENTATIONS = YES;
				CLANG_WARN_DIRECT_OBJC_ISA_USAGE = YES_ERROR;
				CLANG_WARN_DOCUMENTATION_COMMENTS = YES;
				CLANG_WARN_EMPTY_BODY = YES;
				CLANG_WARN_ENUM_CONVERSION = YES;
				CLANG_WARN_INFINITE_RECURSION = YES;
				CLANG_WARN_INT_CONVERSION = YES;
				CLANG_WARN_NON_LITERAL_NULL_CONVERSION = YES;
				CLANG_WARN_OBJC_IMPLICIT_RETAIN_SELF = YES;
				CLANG_WARN_OBJC_LITERAL_CONVERSION = YES;
				CLANG_WARN_OBJC_ROOT_CLASS = YES_ERROR;
				CLANG_WARN_QUOTED_INCLUDE_IN_FRAMEWORK_HEADER = YES;
				CLANG_WARN_RANGE_LOOP_ANALYSIS = YES;
				CLANG_WARN_STRICT_PROTOTYPES = YES;
				CLANG_WARN_SUSPICIOUS_MOVE = YES;
				CLANG_WARN_UNGUARDED_AVAILABILITY = YES_AGGRESSIVE;
				CLANG_WARN_UNREACHABLE_CODE = YES;
				CLANG_WARN__DUPLICATE_METHOD_MATCH = YES;
				COPY_PHASE_STRIP = NO;
				DEBUG_INFORMATION_FORMAT = dwarf;
				ENABLE_STRICT_OBJC_MSGSEND = YES;
				ENABLE_TESTABILITY = YES;
				ENABLE_USER_SCRIPT_SANDBOXING = YES;
				GCC_C_LANGUAGE_STANDARD = gnu17;
				GCC_DYNAMIC_NO_PIC = NO;
				GCC_NO_COMMON_BLOCKS = YES;
				GCC_OPTIMIZATION_LEVEL = 0;
				GCC_PREPROCESSOR_DEFINITIONS = (
					"DEBUG=1",
					"$(inherited)",
				);
				GCC_WARN_64_TO_32_BIT_CONVERSION = YES;
				GCC_WARN_ABOUT_RETURN_TYPE = YES_ERROR;
				GCC_WARN_UNDECLARED_SELECTOR = YES;
				GCC_WARN_UNINITIALIZED_AUTOS = YES_AGGRESSIVE;
				GCC_WARN_UNUSED_FUNCTION = YES;
				GCC_WARN_UNUSED_VARIABLE = YES;
				IPHONEOS_DEPLOYMENT_TARGET = 18.0;
				LOCALIZATION_PREFERS_STRING_CATALOGS = YES;
				MTL_ENABLE_DEBUG_INFO = INCLUDE_SOURCE;
				MTL_FAST_MATH = YES;
				ONLY_ACTIVE_ARCH = YES;
				SDKROOT = iphoneos;
				SWIFT_ACTIVE_COMPILATION_CONDITIONS = "DEBUG $(inherited)";
				SWIFT_OPTIMIZATION_LEVEL = "-Onone";
			};
			name = Debug;
		};
		4E96472F2CC9474900C6995B /* Release */ = {
			isa = XCBuildConfiguration;
			buildSettings = {
				ALWAYS_SEARCH_USER_PATHS = NO;
				ASSETCATALOG_COMPILER_GENERATE_SWIFT_ASSET_SYMBOL_EXTENSIONS = YES;
				CLANG_ANALYZER_NONNULL = YES;
				CLANG_ANALYZER_NUMBER_OBJECT_CONVERSION = YES_AGGRESSIVE;
				CLANG_CXX_LANGUAGE_STANDARD = "gnu++20";
				CLANG_ENABLE_MODULES = YES;
				CLANG_ENABLE_OBJC_ARC = YES;
				CLANG_ENABLE_OBJC_WEAK = YES;
				CLANG_WARN_BLOCK_CAPTURE_AUTORELEASING = YES;
				CLANG_WARN_BOOL_CONVERSION = YES;
				CLANG_WARN_COMMA = YES;
				CLANG_WARN_CONSTANT_CONVERSION = YES;
				CLANG_WARN_DEPRECATED_OBJC_IMPLEMENTATIONS = YES;
				CLANG_WARN_DIRECT_OBJC_ISA_USAGE = YES_ERROR;
				CLANG_WARN_DOCUMENTATION_COMMENTS = YES;
				CLANG_WARN_EMPTY_BODY = YES;
				CLANG_WARN_ENUM_CONVERSION = YES;
				CLANG_WARN_INFINITE_RECURSION = YES;
				CLANG_WARN_INT_CONVERSION = YES;
				CLANG_WARN_NON_LITERAL_NULL_CONVERSION = YES;
				CLANG_WARN_OBJC_IMPLICIT_RETAIN_SELF = YES;
				CLANG_WARN_OBJC_LITERAL_CONVERSION = YES;
				CLANG_WARN_OBJC_ROOT_CLASS = YES_ERROR;
				CLANG_WARN_QUOTED_INCLUDE_IN_FRAMEWORK_HEADER = YES;
				CLANG_WARN_RANGE_LOOP_ANALYSIS = YES;
				CLANG_WARN_STRICT_PROTOTYPES = YES;
				CLANG_WARN_SUSPICIOUS_MOVE = YES;
				CLANG_WARN_UNGUARDED_AVAILABILITY = YES_AGGRESSIVE;
				CLANG_WARN_UNREACHABLE_CODE = YES;
				CLANG_WARN__DUPLICATE_METHOD_MATCH = YES;
				COPY_PHASE_STRIP = NO;
				DEBUG_INFORMATION_FORMAT = "dwarf-with-dsym";
				ENABLE_NS_ASSERTIONS = NO;
				ENABLE_STRICT_OBJC_MSGSEND = YES;
				ENABLE_USER_SCRIPT_SANDBOXING = YES;
				GCC_C_LANGUAGE_STANDARD = gnu17;
				GCC_NO_COMMON_BLOCKS = YES;
				GCC_WARN_64_TO_32_BIT_CONVERSION = YES;
				GCC_WARN_ABOUT_RETURN_TYPE = YES_ERROR;
				GCC_WARN_UNDECLARED_SELECTOR = YES;
				GCC_WARN_UNINITIALIZED_AUTOS = YES_AGGRESSIVE;
				GCC_WARN_UNUSED_FUNCTION = YES;
				GCC_WARN_UNUSED_VARIABLE = YES;
				IPHONEOS_DEPLOYMENT_TARGET = 18.0;
				LOCALIZATION_PREFERS_STRING_CATALOGS = YES;
				MTL_ENABLE_DEBUG_INFO = NO;
				MTL_FAST_MATH = YES;
				SDKROOT = iphoneos;
				SWIFT_COMPILATION_MODE = wholemodule;
				VALIDATE_PRODUCT = YES;
			};
			name = Release;
		};
		4E9647312CC9474900C6995B /* Debug */ = {
			isa = XCBuildConfiguration;
			buildSettings = {
				ASSETCATALOG_COMPILER_APPICON_NAME = AppIcon;
				ASSETCATALOG_COMPILER_GLOBAL_ACCENT_COLOR_NAME = AccentColor;
				CODE_SIGN_STYLE = Automatic;
				CURRENT_PROJECT_VERSION = 1;
				DEVELOPMENT_ASSET_PATHS = "\"Syncups/Preview Content\"";
				DEVELOPMENT_TEAM = HB939N9AUT;
				ENABLE_PREVIEWS = YES;
				GENERATE_INFOPLIST_FILE = YES;
				INFOPLIST_KEY_UIApplicationSceneManifest_Generation = YES;
				INFOPLIST_KEY_UIApplicationSupportsIndirectInputEvents = YES;
				INFOPLIST_KEY_UILaunchScreen_Generation = YES;
				INFOPLIST_KEY_UISupportedInterfaceOrientations_iPad = "UIInterfaceOrientationPortrait UIInterfaceOrientationPortraitUpsideDown UIInterfaceOrientationLandscapeLeft UIInterfaceOrientationLandscapeRight";
				INFOPLIST_KEY_UISupportedInterfaceOrientations_iPhone = "UIInterfaceOrientationPortrait UIInterfaceOrientationLandscapeLeft UIInterfaceOrientationLandscapeRight";
				LD_RUNPATH_SEARCH_PATHS = (
					"$(inherited)",
					"@executable_path/Frameworks",
				);
				MARKETING_VERSION = 1.0;
				PRODUCT_BUNDLE_IDENTIFIER = com.vanyamoo.Syncups;
				PRODUCT_NAME = "$(TARGET_NAME)";
				SWIFT_EMIT_LOC_STRINGS = YES;
				SWIFT_VERSION = 5.0;
				TARGETED_DEVICE_FAMILY = "1,2";
			};
			name = Debug;
		};
		4E9647322CC9474900C6995B /* Release */ = {
			isa = XCBuildConfiguration;
			buildSettings = {
				ASSETCATALOG_COMPILER_APPICON_NAME = AppIcon;
				ASSETCATALOG_COMPILER_GLOBAL_ACCENT_COLOR_NAME = AccentColor;
				CODE_SIGN_STYLE = Automatic;
				CURRENT_PROJECT_VERSION = 1;
				DEVELOPMENT_ASSET_PATHS = "\"Syncups/Preview Content\"";
				DEVELOPMENT_TEAM = HB939N9AUT;
				ENABLE_PREVIEWS = YES;
				GENERATE_INFOPLIST_FILE = YES;
				INFOPLIST_KEY_UIApplicationSceneManifest_Generation = YES;
				INFOPLIST_KEY_UIApplicationSupportsIndirectInputEvents = YES;
				INFOPLIST_KEY_UILaunchScreen_Generation = YES;
				INFOPLIST_KEY_UISupportedInterfaceOrientations_iPad = "UIInterfaceOrientationPortrait UIInterfaceOrientationPortraitUpsideDown UIInterfaceOrientationLandscapeLeft UIInterfaceOrientationLandscapeRight";
				INFOPLIST_KEY_UISupportedInterfaceOrientations_iPhone = "UIInterfaceOrientationPortrait UIInterfaceOrientationLandscapeLeft UIInterfaceOrientationLandscapeRight";
				LD_RUNPATH_SEARCH_PATHS = (
					"$(inherited)",
					"@executable_path/Frameworks",
				);
				MARKETING_VERSION = 1.0;
				PRODUCT_BUNDLE_IDENTIFIER = com.vanyamoo.Syncups;
				PRODUCT_NAME = "$(TARGET_NAME)";
				SWIFT_EMIT_LOC_STRINGS = YES;
				SWIFT_VERSION = 5.0;
				TARGETED_DEVICE_FAMILY = "1,2";
			};
			name = Release;
		};
/* End XCBuildConfiguration section */

/* Begin XCConfigurationList section */
		4E96471D2CC9474700C6995B /* Build configuration list for PBXProject "Syncups" */ = {
			isa = XCConfigurationList;
			buildConfigurations = (
				4E96472E2CC9474900C6995B /* Debug */,
				4E96472F2CC9474900C6995B /* Release */,
			);
			defaultConfigurationIsVisible = 0;
			defaultConfigurationName = Release;
		};
		4E9647302CC9474900C6995B /* Build configuration list for PBXNativeTarget "Syncups" */ = {
			isa = XCConfigurationList;
			buildConfigurations = (
				4E9647312CC9474900C6995B /* Debug */,
				4E9647322CC9474900C6995B /* Release */,
			);
			defaultConfigurationIsVisible = 0;
			defaultConfigurationName = Release;
		};
/* End XCConfigurationList section */

/* Begin XCRemoteSwiftPackageReference section */
		4E9647392CC94C4600C6995B /* XCRemoteSwiftPackageReference "swift-tagged" */ = {
			isa = XCRemoteSwiftPackageReference;
			repositoryURL = "https://github.com/pointfreeco/swift-tagged";
			requirement = {
				kind = upToNextMajorVersion;
				minimumVersion = 0.10.0;
			};
		};
		4E9647402CCA5C2A00C6995B /* XCRemoteSwiftPackageReference "swift-navigation" */ = {
			isa = XCRemoteSwiftPackageReference;
			repositoryURL = "https://github.com/pointfreeco/swift-navigation";
			requirement = {
				kind = upToNextMajorVersion;
				minimumVersion = 2.2.2;
			};
		};
/* End XCRemoteSwiftPackageReference section */

/* Begin XCSwiftPackageProductDependency section */
		4E96473A2CC94C4600C6995B /* Tagged */ = {
			isa = XCSwiftPackageProductDependency;
			package = 4E9647392CC94C4600C6995B /* XCRemoteSwiftPackageReference "swift-tagged" */;
			productName = Tagged;
		};
		4E96473C2CC94C4600C6995B /* TaggedMoney */ = {
			isa = XCSwiftPackageProductDependency;
			package = 4E9647392CC94C4600C6995B /* XCRemoteSwiftPackageReference "swift-tagged" */;
			productName = TaggedMoney;
		};
		4E96473E2CC94C4600C6995B /* TaggedTime */ = {
			isa = XCSwiftPackageProductDependency;
			package = 4E9647392CC94C4600C6995B /* XCRemoteSwiftPackageReference "swift-tagged" */;
			productName = TaggedTime;
		};
		4E9647422CCA5C4000C6995B /* AppKitNavigation */ = {
			isa = XCSwiftPackageProductDependency;
			package = 4E9647402CCA5C2A00C6995B /* XCRemoteSwiftPackageReference "swift-navigation" */;
			productName = AppKitNavigation;
		};
		4E9647442CCA5C4000C6995B /* SwiftNavigation */ = {
			isa = XCSwiftPackageProductDependency;
			package = 4E9647402CCA5C2A00C6995B /* XCRemoteSwiftPackageReference "swift-navigation" */;
			productName = SwiftNavigation;
		};
		4E9647462CCA5C4000C6995B /* SwiftUINavigation */ = {
			isa = XCSwiftPackageProductDependency;
			package = 4E9647402CCA5C2A00C6995B /* XCRemoteSwiftPackageReference "swift-navigation" */;
			productName = SwiftUINavigation;
		};
		4E9647482CCA5C4000C6995B /* UIKitNavigation */ = {
			isa = XCSwiftPackageProductDependency;
			package = 4E9647402CCA5C2A00C6995B /* XCRemoteSwiftPackageReference "swift-navigation" */;
			productName = UIKitNavigation;
		};
/* End XCSwiftPackageProductDependency section */
	};
	rootObject = 4E96471A2CC9474700C6995B /* Project object */;
}
